
Microsoft Visual Studio Solution File, Format Version 12.00
Project("{FAE04EC0-301F-11D3-BF4B-00C04F79EFBC}") = "Consumer", "Consumer\Consumer.csproj", "{FA430674-CE07-450A-B5BB-30777DCED6E3}"
EndProject
Global
	GlobalSection(SolutionConfigurationPlatforms) = preSolution
		Debug|Any CPU = Debug|Any CPU
		Release|Any CPU = Release|Any CPU
	EndGlobalSection
	GlobalSection(ProjectConfigurationPlatforms) = postSolution
		{FA430674-CE07-450A-B5BB-30777DCED6E3}.Debug|Any CPU.ActiveCfg = Debug|Any CPU
		{FA430674-CE07-450A-B5BB-30777DCED6E3}.Debug|Any CPU.Build.0 = Debug|Any CPU
		{FA430674-CE07-450A-B5BB-30777DCED6E3}.Release|Any CPU.ActiveCfg = Release|Any CPU
		{FA430674-CE07-450A-B5BB-30777DCED6E3}.Release|Any CPU.Build.0 = Release|Any CPU
	EndGlobalSection
EndGlobal
